// !$*UTF8*$!
{
	archiveVersion = 1;
	classes = {
	};
	objectVersion = 56;
	objects = {

/* Begin PBXBuildFile section */
		9E00E62D2EE270240035D407 /* RoadWiseApp.swift in Sources */ = {isa = PBXBuildFile; fileRef = 9E00E62C2EE270240035D407 /* RoadWiseApp.swift */; };
		9E00E6332EE270320035D407 /* Assets.xcassets in Resources */ = {isa = PBXBuildFile; fileRef = 9E00E6322EE270320035D407 /* Assets.xcassets */; };
		9E00E6362EE270320035D407 /* Preview Assets.xcassets in Resources */ = {isa = PBXBuildFile; fileRef = 9E00E6352EE270320035D407 /* Preview Assets.xcassets */; };
		9E00E6402EE270340035D407 /* RoadWiseTests.swift in Sources */ = {isa = PBXBuildFile; fileRef = 9E00E63F2EE270340035D407 /* RoadWiseTests.swift */; };
		9E00E64A2EE270340035D407 /* RoadWiseUITests.swift in Sources */ = {isa = PBXBuildFile; fileRef = 9E00E6492EE270340035D407 /* RoadWiseUITests.swift */; };
		9E00E64C2EE270340035D407 /* RoadWiseUITestsLaunchTests.swift in Sources */ = {isa = PBXBuildFile; fileRef = 9E00E64B2EE270340035D407 /* RoadWiseUITestsLaunchTests.swift */; };
		9E00E6592EE3C5AC0035D407 /* LocationManager.swift in Sources */ = {isa = PBXBuildFile; fileRef = 9E00E6582EE3C5AB0035D407 /* LocationManager.swift */; };
		9E00E65B2EE3C5C30035D407 /* ClaudeService.swift in Sources */ = {isa = PBXBuildFile; fileRef = 9E00E65A2EE3C5C30035D407 /* ClaudeService.swift */; };
		9E00E65D2EE3D0000035D407 /* MainTabView.swift in Sources */ = {isa = PBXBuildFile; fileRef = 9E00E65E2EE3D0000035D407 /* MainTabView.swift */; };
		9E00E65F2EE3D0010035D407 /* MapTabView.swift in Sources */ = {isa = PBXBuildFile; fileRef = 9E00E6602EE3D0010035D407 /* MapTabView.swift */; };
		9E00E6612EE3D0020035D407 /* AppSettings.swift in Sources */ = {isa = PBXBuildFile; fileRef = 9E00E6622EE3D0020035D407 /* AppSettings.swift */; };
		9E00E6632EE3D0030035D407 /* TripStats.swift in Sources */ = {isa = PBXBuildFile; fileRef = 9E00E6642EE3D0030035D407 /* TripStats.swift */; };
		9E00E6652EE3D0040035D407 /* SettingsView.swift in Sources */ = {isa = PBXBuildFile; fileRef = 9E00E6662EE3D0040035D407 /* SettingsView.swift */; };
		9E00E6672EE3D0050035D407 /* DashboardView.swift in Sources */ = {isa = PBXBuildFile; fileRef = 9E00E6682EE3D0050035D407 /* DashboardView.swift */; };
		9E00E6692EE3D0060035D407 /* AboutView.swift in Sources */ = {isa = PBXBuildFile; fileRef = 9E00E66A2EE3D0060035D407 /* AboutView.swift */; };
		9E00E66B2EE3D1000035D407 /* AzureSpeechService.swift in Sources */ = {isa = PBXBuildFile; fileRef = 9E00E66C2EE3D1000035D407 /* AzureSpeechService.swift */; };
/* End PBXBuildFile section */

/* Begin PBXContainerItemProxy section */
		9E00E63C2EE270340035D407 /* PBXContainerItemProxy */ = {
			isa = PBXContainerItemProxy;
			containerPortal = 9E00E6212EE270240035D407 /* Project object */;
			proxyType = 1;
			remoteGlobalIDString = 9E00E6282EE270240035D407;
			remoteInfo = RoadWise;
		};
		9E00E6462EE270340035D407 /* PBXContainerItemProxy */ = {
			isa = PBXContainerItemProxy;
			containerPortal = 9E00E6212EE270240035D407 /* Project object */;
			proxyType = 1;
			remoteGlobalIDString = 9E00E6282EE270240035D407;
			remoteInfo = RoadWise;
		};
/* End PBXContainerItemProxy section */

/* Begin PBXFileReference section */
		9E00E6292EE270240035D407 /* RoadWise.app */ = {isa = PBXFileReference; explicitFileType = wrapper.application; includeInIndex = 0; path = RoadWise.app; sourceTree = BUILT_PRODUCTS_DIR; };
		9E00E62C2EE270240035D407 /* RoadWiseApp.swift */ = {isa = PBXFileReference; lastKnownFileType = sourcecode.swift; path = RoadWiseApp.swift; sourceTree = "<group>"; };
		9E00E6322EE270320035D407 /* Assets.xcassets */ = {isa = PBXFileReference; lastKnownFileType = folder.assetcatalog; path = Assets.xcassets; sourceTree = "<group>"; };
		9E00E6352EE270320035D407 /* Preview Assets.xcassets */ = {isa = PBXFileReference; lastKnownFileType = folder.assetcatalog; path = "Preview Assets.xcassets"; sourceTree = "<group>"; };
		9E00E63B2EE270340035D407 /* RoadWiseTests.xctest */ = {isa = PBXFileReference; explicitFileType = wrapper.cfbundle; includeInIndex = 0; path = RoadWiseTests.xctest; sourceTree = BUILT_PRODUCTS_DIR; };
		9E00E63F2EE270340035D407 /* RoadWiseTests.swift */ = {isa = PBXFileReference; lastKnownFileType = sourcecode.swift; path = RoadWiseTests.swift; sourceTree = "<group>"; };
		9E00E6452EE270340035D407 /* RoadWiseUITests.xctest */ = {isa = PBXFileReference; explicitFileType = wrapper.cfbundle; includeInIndex = 0; path = RoadWiseUITests.xctest; sourceTree = BUILT_PRODUCTS_DIR; };
		9E00E6492EE270340035D407 /* RoadWiseUITests.swift */ = {isa = PBXFileReference; lastKnownFileType = sourcecode.swift; path = RoadWiseUITests.swift; sourceTree = "<group>"; };
		9E00E64B2EE270340035D407 /* RoadWiseUITestsLaunchTests.swift */ = {isa = PBXFileReference; lastKnownFileType = sourcecode.swift; path = RoadWiseUITestsLaunchTests.swift; sourceTree = "<group>"; };
		9E00E6582EE3C5AB0035D407 /* LocationManager.swift */ = {isa = PBXFileReference; fileEncoding = 4; lastKnownFileType = sourcecode.swift; path = LocationManager.swift; sourceTree = "<group>"; };
		9E00E65A2EE3C5C30035D407 /* ClaudeService.swift */ = {isa = PBXFileReference; fileEncoding = 4; lastKnownFileType = sourcecode.swift; path = ClaudeService.swift; sourceTree = "<group>"; };
		9E00E65C2EE3C8900035D407 /* Info.plist */ = {isa = PBXFileReference; lastKnownFileType = text.plist.xml; path = Info.plist; sourceTree = "<group>"; };
		9E00E65E2EE3D0000035D407 /* MainTabView.swift */ = {isa = PBXFileReference; fileEncoding = 4; lastKnownFileType = sourcecode.swift; path = MainTabView.swift; sourceTree = "<group>"; };
		9E00E6602EE3D0010035D407 /* MapTabView.swift */ = {isa = PBXFileReference; fileEncoding = 4; lastKnownFileType = sourcecode.swift; path = MapTabView.swift; sourceTree = "<group>"; };
		9E00E6622EE3D0020035D407 /* AppSettings.swift */ = {isa = PBXFileReference; fileEncoding = 4; lastKnownFileType = sourcecode.swift; path = AppSettings.swift; sourceTree = "<group>"; };
		9E00E6642EE3D0030035D407 /* TripStats.swift */ = {isa = PBXFileReference; fileEncoding = 4; lastKnownFileType = sourcecode.swift; path = TripStats.swift; sourceTree = "<group>"; };
		9E00E6662EE3D0040035D407 /* SettingsView.swift */ = {isa = PBXFileReference; fileEncoding = 4; lastKnownFileType = sourcecode.swift; path = SettingsView.swift; sourceTree = "<group>"; };
		9E00E6682EE3D0050035D407 /* DashboardView.swift */ = {isa = PBXFileReference; fileEncoding = 4; lastKnownFileType = sourcecode.swift; path = DashboardView.swift; sourceTree = "<group>"; };
		9E00E66A2EE3D0060035D407 /* AboutView.swift */ = {isa = PBXFileReference; fileEncoding = 4; lastKnownFileType = sourcecode.swift; path = AboutView.swift; sourceTree = "<group>"; };
		9E00E66C2EE3D1000035D407 /* AzureSpeechService.swift */ = {isa = PBXFileReference; fileEncoding = 4; lastKnownFileType = sourcecode.swift; path = AzureSpeechService.swift; sourceTree = "<group>"; };
/* End PBXFileReference section */

/* Begin PBXFrameworksBuildPhase section */
		9E00E6262EE270240035D407 /* Frameworks */ = {
			isa = PBXFrameworksBuildPhase;
			buildActionMask = 2147483647;
			files = (
			);
			runOnlyForDeploymentPostprocessing = 0;
		};
		9E00E6382EE270340035D407 /* Frameworks */ = {
			isa = PBXFrameworksBuildPhase;
			buildActionMask = 2147483647;
			files = (
			);
			runOnlyForDeploymentPostprocessing = 0;
		};
		9E00E6422EE270340035D407 /* Frameworks */ = {
			isa = PBXFrameworksBuildPhase;
			buildActionMask = 2147483647;
			files = (
			);
			runOnlyForDeploymentPostprocessing = 0;
		};
/* End PBXFrameworksBuildPhase section */

/* Begin PBXGroup section */
		9E00E6202EE270240035D407 = {
			isa = PBXGroup;
			children = (
				9E00E62B2EE270240035D407 /* RoadWise */,
				9E00E63E2EE270340035D407 /* RoadWiseTests */,
				9E00E6482EE270340035D407 /* RoadWiseUITests */,
				9E00E62A2EE270240035D407 /* Products */,
			);
			sourceTree = "<group>";
		};
		9E00E62A2EE270240035D407 /* Products */ = {
			isa = PBXGroup;
			children = (
				9E00E6292EE270240035D407 /* RoadWise.app */,
				9E00E63B2EE270340035D407 /* RoadWiseTests.xctest */,
				9E00E6452EE270340035D407 /* RoadWiseUITests.xctest */,
			);
			name = Products;
			sourceTree = "<group>";
		};
		9E00E62B2EE270240035D407 /* RoadWise */ = {
			isa = PBXGroup;
			children = (
				9E00E65C2EE3C8900035D407 /* Info.plist */,
				9E00E62C2EE270240035D407 /* RoadWiseApp.swift */,
				9E00E65E2EE3D0000035D407 /* MainTabView.swift */,
				9E00E6602EE3D0010035D407 /* MapTabView.swift */,
				9E00E6682EE3D0050035D407 /* DashboardView.swift */,
				9E00E6662EE3D0040035D407 /* SettingsView.swift */,
				9E00E66A2EE3D0060035D407 /* AboutView.swift */,
				9E00E6622EE3D0020035D407 /* AppSettings.swift */,
				9E00E6642EE3D0030035D407 /* TripStats.swift */,
				9E00E6582EE3C5AB0035D407 /* LocationManager.swift */,
				9E00E65A2EE3C5C30035D407 /* ClaudeService.swift */,
				9E00E66C2EE3D1000035D407 /* AzureSpeechService.swift */,
				9E00E6322EE270320035D407 /* Assets.xcassets */,
				9E00E6342EE270320035D407 /* Preview Content */,
			);
			path = RoadWise;
			sourceTree = "<group>";
		};
		9E00E6342EE270320035D407 /* Preview Content */ = {
			isa = PBXGroup;
			children = (
				9E00E6352EE270320035D407 /* Preview Assets.xcassets */,
			);
			path = "Preview Content";
			sourceTree = "<group>";
		};
		9E00E63E2EE270340035D407 /* RoadWiseTests */ = {
			isa = PBXGroup;
			children = (
				9E00E63F2EE270340035D407 /* RoadWiseTests.swift */,
			);
			path = RoadWiseTests;
			sourceTree = "<group>";
		};
		9E00E6482EE270340035D407 /* RoadWiseUITests */ = {
			isa = PBXGroup;
			children = (
				9E00E6492EE270340035D407 /* RoadWiseUITests.swift */,
				9E00E64B2EE270340035D407 /* RoadWiseUITestsLaunchTests.swift */,
			);
			path = RoadWiseUITests;
			sourceTree = "<group>";
		};
/* End PBXGroup section */

/* Begin PBXNativeTarget section */
		9E00E6282EE270240035D407 /* RoadWise */ = {
			isa = PBXNativeTarget;
			buildConfigurationList = 9E00E64F2EE270340035D407 /* Build configuration list for PBXNativeTarget "RoadWise" */;
			buildPhases = (
				9E00E6252EE270240035D407 /* Sources */,
				9E00E6262EE270240035D407 /* Frameworks */,
				9E00E6272EE270240035D407 /* Resources */,
			);
			buildRules = (
			);
			dependencies = (
			);
			name = RoadWise;
			productName = RoadWise;
			productReference = 9E00E6292EE270240035D407 /* RoadWise.app */;
			productType = "com.apple.product-type.application";
		};
		9E00E63A2EE270340035D407 /* RoadWiseTests */ = {
			isa = PBXNativeTarget;
			buildConfigurationList = 9E00E6522EE270340035D407 /* Build configuration list for PBXNativeTarget "RoadWiseTests" */;
			buildPhases = (
				9E00E6372EE270340035D407 /* Sources */,
				9E00E6382EE270340035D407 /* Frameworks */,
				9E00E6392EE270340035D407 /* Resources */,
			);
			buildRules = (
			);
			dependencies = (
				9E00E63D2EE270340035D407 /* PBXTargetDependency */,
			);
			name = RoadWiseTests;
			productName = RoadWiseTests;
			productReference = 9E00E63B2EE270340035D407 /* RoadWiseTests.xctest */;
			productType = "com.apple.product-type.bundle.unit-test";
		};
		9E00E6442EE270340035D407 /* RoadWiseUITests */ = {
			isa = PBXNativeTarget;
			buildConfigurationList = 9E00E6552EE270340035D407 /* Build configuration list for PBXNativeTarget "RoadWiseUITests" */;
			buildPhases = (
				9E00E6412EE270340035D407 /* Sources */,
				9E00E6422EE270340035D407 /* Frameworks */,
				9E00E6432EE270340035D407 /* Resources */,
			);
			buildRules = (
			);
			dependencies = (
				9E00E6472EE270340035D407 /* PBXTargetDependency */,
			);
			name = RoadWiseUITests;
			productName = RoadWiseUITests;
			productReference = 9E00E6452EE270340035D407 /* RoadWiseUITests.xctest */;
			productType = "com.apple.product-type.bundle.ui-testing";
		};
/* End PBXNativeTarget section */

/* Begin PBXProject section */
		9E00E6212EE270240035D407 /* Project object */ = {
			isa = PBXProject;
			attributes = {
				BuildIndependentTargetsInParallel = 1;
				LastSwiftUpdateCheck = 1540;
				LastUpgradeCheck = 1540;
				TargetAttributes = {
					9E00E6282EE270240035D407 = {
						CreatedOnToolsVersion = 15.4;
					};
					9E00E63A2EE270340035D407 = {
						CreatedOnToolsVersion = 15.4;
						TestTargetID = 9E00E6282EE270240035D407;
					};
					9E00E6442EE270340035D407 = {
						CreatedOnToolsVersion = 15.4;
						TestTargetID = 9E00E6282EE270240035D407;
					};
				};
			};
			buildConfigurationList = 9E00E6242EE270240035D407 /* Build configuration list for PBXProject "RoadWise" */;
			compatibilityVersion = "Xcode 14.0";
			developmentRegion = en;
			hasScannedForEncodings = 0;
			knownRegions = (
				en,
				Base,
			);
			mainGroup = 9E00E6202EE270240035D407;
			productRefGroup = 9E00E62A2EE270240035D407 /* Products */;
			projectDirPath = "";
			projectRoot = "";
			targets = (
				9E00E6282EE270240035D407 /* RoadWise */,
				9E00E63A2EE270340035D407 /* RoadWiseTests */,
				9E00E6442EE270340035D407 /* RoadWiseUITests */,
			);
		};
/* End PBXProject section */

/* Begin PBXResourcesBuildPhase section */
		9E00E6272EE270240035D407 /* Resources */ = {
			isa = PBXResourcesBuildPhase;
			buildActionMask = 2147483647;
			files = (
				9E00E6362EE270320035D407 /* Preview Assets.xcassets in Resources */,
				9E00E6332EE270320035D407 /* Assets.xcassets in Resources */,
			);
			runOnlyForDeploymentPostprocessing = 0;
		};
		9E00E6392EE270340035D407 /* Resources */ = {
			isa = PBXResourcesBuildPhase;
			buildActionMask = 2147483647;
			files = (
			);
			runOnlyForDeploymentPostprocessing = 0;
		};
		9E00E6432EE270340035D407 /* Resources */ = {
			isa = PBXResourcesBuildPhase;
			buildActionMask = 2147483647;
			files = (
			);
			runOnlyForDeploymentPostprocessing = 0;
		};
/* End PBXResourcesBuildPhase section */

/* Begin PBXSourcesBuildPhase section */
		9E00E6252EE270240035D407 /* Sources */ = {
			isa = PBXSourcesBuildPhase;
			buildActionMask = 2147483647;
			files = (
				9E00E65B2EE3C5C30035D407 /* ClaudeService.swift in Sources */,
				9E00E6592EE3C5AC0035D407 /* LocationManager.swift in Sources */,
				9E00E65D2EE3D0000035D407 /* MainTabView.swift in Sources */,
				9E00E65F2EE3D0010035D407 /* MapTabView.swift in Sources */,
				9E00E6612EE3D0020035D407 /* AppSettings.swift in Sources */,
				9E00E6632EE3D0030035D407 /* TripStats.swift in Sources */,
				9E00E6652EE3D0040035D407 /* SettingsView.swift in Sources */,
				9E00E6672EE3D0050035D407 /* DashboardView.swift in Sources */,
				9E00E6692EE3D0060035D407 /* AboutView.swift in Sources */,
				9E00E66B2EE3D1000035D407 /* AzureSpeechService.swift in Sources */,
				9E00E62D2EE270240035D407 /* RoadWiseApp.swift in Sources */,
			);
			runOnlyForDeploymentPostprocessing = 0;
		};
		9E00E6372EE270340035D407 /* Sources */ = {
			isa = PBXSourcesBuildPhase;
			buildActionMask = 2147483647;
			files = (
				9E00E6402EE270340035D407 /* RoadWiseTests.swift in Sources */,
			);
			runOnlyForDeploymentPostprocessing = 0;
		};
		9E00E6412EE270340035D407 /* Sources */ = {
			isa = PBXSourcesBuildPhase;
			buildActionMask = 2147483647;
			files = (
				9E00E64C2EE270340035D407 /* RoadWiseUITestsLaunchTests.swift in Sources */,
				9E00E64A2EE270340035D407 /* RoadWiseUITests.swift in Sources */,
			);
			runOnlyForDeploymentPostprocessing = 0;
		};
/* End PBXSourcesBuildPhase section */

/* Begin PBXTargetDependency section */
		9E00E63D2EE270340035D407 /* PBXTargetDependency */ = {
			isa = PBXTargetDependency;
			target = 9E00E6282EE270240035D407 /* RoadWise */;
			targetProxy = 9E00E63C2EE270340035D407 /* PBXContainerItemProxy */;
		};
		9E00E6472EE270340035D407 /* PBXTargetDependency */ = {
			isa = PBXTargetDependency;
			target = 9E00E6282EE270240035D407 /* RoadWise */;
			targetProxy = 9E00E6462EE270340035D407 /* PBXContainerItemProxy */;
		};
/* End PBXTargetDependency section */

/* Begin XCBuildConfiguration section */
		9E00E64D2EE270340035D407 /* Debug */ = {
			isa = XCBuildConfiguration;
			buildSettings = {
				ALWAYS_SEARCH_USER_PATHS = NO;
				ASSETCATALOG_COMPILER_GENERATE_SWIFT_ASSET_SYMBOL_EXTENSIONS = YES;
				CLANG_ANALYZER_NONNULL = YES;
				CLANG_ANALYZER_NUMBER_OBJECT_CONVERSION = YES_AGGRESSIVE;
				CLANG_CXX_LANGUAGE_STANDARD = "gnu++20";
				CLANG_ENABLE_MODULES = YES;
				CLANG_ENABLE_OBJC_ARC = YES;
				CLANG_ENABLE_OBJC_WEAK = YES;
				CLANG_WARN_BLOCK_CAPTURE_AUTORELEASING = YES;
				CLANG_WARN_BOOL_CONVERSION = YES;
				CLANG_WARN_COMMA = YES;
				CLANG_WARN_CONSTANT_CONVERSION = YES;
				CLANG_WARN_DEPRECATED_OBJC_IMPLEMENTATIONS = YES;
				CLANG_WARN_DIRECT_OBJC_ISA_USAGE = YES_ERROR;
				CLANG_WARN_DOCUMENTATION_COMMENTS = YES;
				CLANG_WARN_EMPTY_BODY = YES;
				CLANG_WARN_ENUM_CONVERSION = YES;
				CLANG_WARN_INFINITE_RECURSION = YES;
				CLANG_WARN_INT_CONVERSION = YES;
				CLANG_WARN_NON_LITERAL_NULL_CONVERSION = YES;
				CLANG_WARN_OBJC_IMPLICIT_RETAIN_SELF = YES;
				CLANG_WARN_OBJC_LITERAL_CONVERSION = YES;
				CLANG_WARN_OBJC_ROOT_CLASS = YES_ERROR;
				CLANG_WARN_QUOTED_INCLUDE_IN_FRAMEWORK_HEADER = YES;
				CLANG_WARN_RANGE_LOOP_ANALYSIS = YES;
				CLANG_WARN_STRICT_PROTOTYPES = YES;
				CLANG_WARN_SUSPICIOUS_MOVE = YES;
				CLANG_WARN_UNGUARDED_AVAILABILITY = YES_AGGRESSIVE;
				CLANG_WARN_UNREACHABLE_CODE = YES;
				CLANG_WARN__DUPLICATE_METHOD_MATCH = YES;
				COPY_PHASE_STRIP = NO;
				DEBUG_INFORMATION_FORMAT = dwarf;
				ENABLE_STRICT_OBJC_MSGSEND = YES;
				ENABLE_TESTABILITY = YES;
				ENABLE_USER_SCRIPT_SANDBOXING = YES;
				GCC_C_LANGUAGE_STANDARD = gnu17;
				GCC_DYNAMIC_NO_PIC = NO;
				GCC_NO_COMMON_BLOCKS = YES;
				GCC_OPTIMIZATION_LEVEL = 0;
				GCC_PREPROCESSOR_DEFINITIONS = (
					"DEBUG=1",
					"$(inherited)",
				);
				GCC_WARN_64_TO_32_BIT_CONVERSION = YES;
				GCC_WARN_ABOUT_RETURN_TYPE = YES_ERROR;
				GCC_WARN_UNDECLARED_SELECTOR = YES;
				GCC_WARN_UNINITIALIZED_AUTOS = YES_AGGRESSIVE;
				GCC_WARN_UNUSED_FUNCTION = YES;
				GCC_WARN_UNUSED_VARIABLE = YES;
				IPHONEOS_DEPLOYMENT_TARGET = 16.0;
				LOCALIZATION_PREFERS_STRING_CATALOGS = YES;
				MTL_ENABLE_DEBUG_INFO = INCLUDE_SOURCE;
				MTL_FAST_MATH = YES;
				ONLY_ACTIVE_ARCH = YES;
				SDKROOT = iphoneos;
				SWIFT_ACTIVE_COMPILATION_CONDITIONS = "DEBUG $(inherited)";
				SWIFT_OPTIMIZATION_LEVEL = "-Onone";
			};
			name = Debug;
		};
		9E00E64E2EE270340035D407 /* Release */ = {
			isa = XCBuildConfiguration;
			buildSettings = {
				ALWAYS_SEARCH_USER_PATHS = NO;
				ASSETCATALOG_COMPILER_GENERATE_SWIFT_ASSET_SYMBOL_EXTENSIONS = YES;
				CLANG_ANALYZER_NONNULL = YES;
				CLANG_ANALYZER_NUMBER_OBJECT_CONVERSION = YES_AGGRESSIVE;
				CLANG_CXX_LANGUAGE_STANDARD = "gnu++20";
				CLANG_ENABLE_MODULES = YES;
				CLANG_ENABLE_OBJC_ARC = YES;
				CLANG_ENABLE_OBJC_WEAK = YES;
				CLANG_WARN_BLOCK_CAPTURE_AUTORELEASING = YES;
				CLANG_WARN_BOOL_CONVERSION = YES;
				CLANG_WARN_COMMA = YES;
				CLANG_WARN_CONSTANT_CONVERSION = YES;
				CLANG_WARN_DEPRECATED_OBJC_IMPLEMENTATIONS = YES;
				CLANG_WARN_DIRECT_OBJC_ISA_USAGE = YES_ERROR;
				CLANG_WARN_DOCUMENTATION_COMMENTS = YES;
				CLANG_WARN_EMPTY_BODY = YES;
				CLANG_WARN_ENUM_CONVERSION = YES;
				CLANG_WARN_INFINITE_RECURSION = YES;
				CLANG_WARN_INT_CONVERSION = YES;
				CLANG_WARN_NON_LITERAL_NULL_CONVERSION = YES;
				CLANG_WARN_OBJC_IMPLICIT_RETAIN_SELF = YES;
				CLANG_WARN_OBJC_LITERAL_CONVERSION = YES;
				CLANG_WARN_OBJC_ROOT_CLASS = YES_ERROR;
				CLANG_WARN_QUOTED_INCLUDE_IN_FRAMEWORK_HEADER = YES;
				CLANG_WARN_RANGE_LOOP_ANALYSIS = YES;
				CLANG_WARN_STRICT_PROTOTYPES = YES;
				CLANG_WARN_SUSPICIOUS_MOVE = YES;
				CLANG_WARN_UNGUARDED_AVAILABILITY = YES_AGGRESSIVE;
				CLANG_WARN_UNREACHABLE_CODE = YES;
				CLANG_WARN__DUPLICATE_METHOD_MATCH = YES;
				COPY_PHASE_STRIP = NO;
				DEBUG_INFORMATION_FORMAT = "dwarf-with-dsym";
				ENABLE_NS_ASSERTIONS = NO;
				ENABLE_STRICT_OBJC_MSGSEND = YES;
				ENABLE_USER_SCRIPT_SANDBOXING = YES;
				GCC_C_LANGUAGE_STANDARD = gnu17;
				GCC_NO_COMMON_BLOCKS = YES;
				GCC_WARN_64_TO_32_BIT_CONVERSION = YES;
				GCC_WARN_ABOUT_RETURN_TYPE = YES_ERROR;
				GCC_WARN_UNDECLARED_SELECTOR = YES;
				GCC_WARN_UNINITIALIZED_AUTOS = YES_AGGRESSIVE;
				GCC_WARN_UNUSED_FUNCTION = YES;
				GCC_WARN_UNUSED_VARIABLE = YES;
				IPHONEOS_DEPLOYMENT_TARGET = 16.0;
				LOCALIZATION_PREFERS_STRING_CATALOGS = YES;
				MTL_ENABLE_DEBUG_INFO = NO;
				MTL_FAST_MATH = YES;
				SDKROOT = iphoneos;
				SWIFT_COMPILATION_MODE = wholemodule;
				VALIDATE_PRODUCT = YES;
			};
			name = Release;
		};
		9E00E6502EE270340035D407 /* Debug */ = {
			isa = XCBuildConfiguration;
			buildSettings = {
				ASSETCATALOG_COMPILER_APPICON_NAME = AppIcon;
				ASSETCATALOG_COMPILER_GLOBAL_ACCENT_COLOR_NAME = AccentColor;
				CODE_SIGN_STYLE = Automatic;
				CURRENT_PROJECT_VERSION = 1;
				DEVELOPMENT_ASSET_PATHS = "\"RoadWise/Preview Content\"";
				DEVELOPMENT_TEAM = U6JD6BX7J4;
				ENABLE_PREVIEWS = YES;
				GENERATE_INFOPLIST_FILE = YES;
				INFOPLIST_FILE = RoadWise/Info.plist;
				INFOPLIST_KEY_NSLocationWhenInUseUsageDescription = "RoadWise needs your location to show nearby points of interest and give you fun facts about your surroundings.";
				INFOPLIST_KEY_UIApplicationSceneManifest_Generation = YES;
				INFOPLIST_KEY_UIApplicationSupportsIndirectInputEvents = YES;
				INFOPLIST_KEY_UILaunchScreen_Generation = YES;
				INFOPLIST_KEY_UISupportedInterfaceOrientations_iPad = "UIInterfaceOrientationPortrait UIInterfaceOrientationPortraitUpsideDown UIInterfaceOrientationLandscapeLeft UIInterfaceOrientationLandscapeRight";
				INFOPLIST_KEY_UISupportedInterfaceOrientations_iPhone = "UIInterfaceOrientationPortrait UIInterfaceOrientationLandscapeLeft UIInterfaceOrientationLandscapeRight";
				IPHONEOS_DEPLOYMENT_TARGET = 16.0;
				LD_RUNPATH_SEARCH_PATHS = (
					"$(inherited)",
					"@executable_path/Frameworks",
				);
				MARKETING_VERSION = 1.0;
				PRODUCT_BUNDLE_IDENTIFIER = jack.RoadWise;
				PRODUCT_NAME = "$(TARGET_NAME)";
				SWIFT_EMIT_LOC_STRINGS = YES;
				SWIFT_VERSION = 5.0;
				TARGETED_DEVICE_FAMILY = "1,2";
			};
			name = Debug;
		};
		9E00E6512EE270340035D407 /* Release */ = {
			isa = XCBuildConfiguration;
			buildSettings = {
				ASSETCATALOG_COMPILER_APPICON_NAME = AppIcon;
				ASSETCATALOG_COMPILER_GLOBAL_ACCENT_COLOR_NAME = AccentColor;
				CODE_SIGN_STYLE = Automatic;
				CURRENT_PROJECT_VERSION = 1;
				DEVELOPMENT_ASSET_PATHS = "\"RoadWise/Preview Content\"";
				DEVELOPMENT_TEAM = U6JD6BX7J4;
				ENABLE_PREVIEWS = YES;
				GENERATE_INFOPLIST_FILE = YES;
				INFOPLIST_FILE = RoadWise/Info.plist;
				INFOPLIST_KEY_NSLocationWhenInUseUsageDescription = "RoadWise needs your location to show nearby points of interest and give you fun facts about your surroundings.";
				INFOPLIST_KEY_UIApplicationSceneManifest_Generation = YES;
				INFOPLIST_KEY_UIApplicationSupportsIndirectInputEvents = YES;
				INFOPLIST_KEY_UILaunchScreen_Generation = YES;
				INFOPLIST_KEY_UISupportedInterfaceOrientations_iPad = "UIInterfaceOrientationPortrait UIInterfaceOrientationPortraitUpsideDown UIInterfaceOrientationLandscapeLeft UIInterfaceOrientationLandscapeRight";
				INFOPLIST_KEY_UISupportedInterfaceOrientations_iPhone = "UIInterfaceOrientationPortrait UIInterfaceOrientationLandscapeLeft UIInterfaceOrientationLandscapeRight";
				IPHONEOS_DEPLOYMENT_TARGET = 16.0;
				LD_RUNPATH_SEARCH_PATHS = (
					"$(inherited)",
					"@executable_path/Frameworks",
				);
				MARKETING_VERSION = 1.0;
				PRODUCT_BUNDLE_IDENTIFIER = jack.RoadWise;
				PRODUCT_NAME = "$(TARGET_NAME)";
				SWIFT_EMIT_LOC_STRINGS = YES;
				SWIFT_VERSION = 5.0;
				TARGETED_DEVICE_FAMILY = "1,2";
			};
			name = Release;
		};
		9E00E6532EE270340035D407 /* Debug */ = {
			isa = XCBuildConfiguration;
			buildSettings = {
				ALWAYS_EMBED_SWIFT_STANDARD_LIBRARIES = YES;
				BUNDLE_LOADER = "$(TEST_HOST)";
				CODE_SIGN_STYLE = Automatic;
				CURRENT_PROJECT_VERSION = 1;
				GENERATE_INFOPLIST_FILE = YES;
				IPHONEOS_DEPLOYMENT_TARGET = 16.0;
				MARKETING_VERSION = 1.0;
				PRODUCT_BUNDLE_IDENTIFIER = jack.RoadWiseTests;
				PRODUCT_NAME = "$(TARGET_NAME)";
				SWIFT_EMIT_LOC_STRINGS = NO;
				SWIFT_VERSION = 5.0;
				TARGETED_DEVICE_FAMILY = "1,2";
				TEST_HOST = "$(BUILT_PRODUCTS_DIR)/RoadWise.app/$(BUNDLE_EXECUTABLE_FOLDER_PATH)/RoadWise";
			};
			name = Debug;
		};
		9E00E6542EE270340035D407 /* Release */ = {
			isa = XCBuildConfiguration;
			buildSettings = {
				ALWAYS_EMBED_SWIFT_STANDARD_LIBRARIES = YES;
				BUNDLE_LOADER = "$(TEST_HOST)";
				CODE_SIGN_STYLE = Automatic;
				CURRENT_PROJECT_VERSION = 1;
				GENERATE_INFOPLIST_FILE = YES;
				IPHONEOS_DEPLOYMENT_TARGET = 16.0;
				MARKETING_VERSION = 1.0;
				PRODUCT_BUNDLE_IDENTIFIER = jack.RoadWiseTests;
				PRODUCT_NAME = "$(TARGET_NAME)";
				SWIFT_EMIT_LOC_STRINGS = NO;
				SWIFT_VERSION = 5.0;
				TARGETED_DEVICE_FAMILY = "1,2";
				TEST_HOST = "$(BUILT_PRODUCTS_DIR)/RoadWise.app/$(BUNDLE_EXECUTABLE_FOLDER_PATH)/RoadWise";
			};
			name = Release;
		};
		9E00E6562EE270340035D407 /* Debug */ = {
			isa = XCBuildConfiguration;
			buildSettings = {
				ALWAYS_EMBED_SWIFT_STANDARD_LIBRARIES = YES;
				CODE_SIGN_STYLE = Automatic;
				CURRENT_PROJECT_VERSION = 1;
				GENERATE_INFOPLIST_FILE = YES;
				MARKETING_VERSION = 1.0;
				PRODUCT_BUNDLE_IDENTIFIER = jack.RoadWiseUITests;
				PRODUCT_NAME = "$(TARGET_NAME)";
				SWIFT_EMIT_LOC_STRINGS = NO;
				SWIFT_VERSION = 5.0;
				TARGETED_DEVICE_FAMILY = "1,2";
				TEST_TARGET_NAME = RoadWise;
			};
			name = Debug;
		};
		9E00E6572EE270340035D407 /* Release */ = {
			isa = XCBuildConfiguration;
			buildSettings = {
				ALWAYS_EMBED_SWIFT_STANDARD_LIBRARIES = YES;
				CODE_SIGN_STYLE = Automatic;
				CURRENT_PROJECT_VERSION = 1;
				GENERATE_INFOPLIST_FILE = YES;
				MARKETING_VERSION = 1.0;
				PRODUCT_BUNDLE_IDENTIFIER = jack.RoadWiseUITests;
				PRODUCT_NAME = "$(TARGET_NAME)";
				SWIFT_EMIT_LOC_STRINGS = NO;
				SWIFT_VERSION = 5.0;
				TARGETED_DEVICE_FAMILY = "1,2";
				TEST_TARGET_NAME = RoadWise;
			};
			name = Release;
		};
/* End XCBuildConfiguration section */

/* Begin XCConfigurationList section */
		9E00E6242EE270240035D407 /* Build configuration list for PBXProject "RoadWise" */ = {
			isa = XCConfigurationList;
			buildConfigurations = (
				9E00E64D2EE270340035D407 /* Debug */,
				9E00E64E2EE270340035D407 /* Release */,
			);
			defaultConfigurationIsVisible = 0;
			defaultConfigurationName = Release;
		};
		9E00E64F2EE270340035D407 /* Build configuration list for PBXNativeTarget "RoadWise" */ = {
			isa = XCConfigurationList;
			buildConfigurations = (
				9E00E6502EE270340035D407 /* Debug */,
				9E00E6512EE270340035D407 /* Release */,
			);
			defaultConfigurationIsVisible = 0;
			defaultConfigurationName = Release;
		};
		9E00E6522EE270340035D407 /* Build configuration list for PBXNativeTarget "RoadWiseTests" */ = {
			isa = XCConfigurationList;
			buildConfigurations = (
				9E00E6532EE270340035D407 /* Debug */,
				9E00E6542EE270340035D407 /* Release */,
			);
			defaultConfigurationIsVisible = 0;
			defaultConfigurationName = Release;
		};
		9E00E6552EE270340035D407 /* Build configuration list for PBXNativeTarget "RoadWiseUITests" */ = {
			isa = XCConfigurationList;
			buildConfigurations = (
				9E00E6562EE270340035D407 /* Debug */,
				9E00E6572EE270340035D407 /* Release */,
			);
			defaultConfigurationIsVisible = 0;
			defaultConfigurationName = Release;
		};
/* End XCConfigurationList section */
	};
	rootObject = 9E00E6212EE270240035D407 /* Project object */;
}
